
Microsoft Visual Studio Solution File, Format Version 12.00
# Visual Studio Version 16
VisualStudioVersion = 16.0.810.6
MinimumVisualStudioVersion = 10.0.40219.1
Project("{FAE04EC0-301F-11D3-BF4B-00C04F79EFBC}") = "musicrush", "musicrush\musicrush.csproj", "{14140E60-E936-4792-BB00-C6963187E00C}"
EndProject
Global
	GlobalSection(SolutionConfigurationPlatforms) = preSolution
		Debug|Any CPU = Debug|Any CPU
		Release|Any CPU = Release|Any CPU
	EndGlobalSection
	GlobalSection(ProjectConfigurationPlatforms) = postSolution
		{14140E60-E936-4792-BB00-C6963187E00C}.Debug|Any CPU.ActiveCfg = Debug|Any CPU
		{14140E60-E936-4792-BB00-C6963187E00C}.Debug|Any CPU.Build.0 = Debug|Any CPU
		{14140E60-E936-4792-BB00-C6963187E00C}.Release|Any CPU.ActiveCfg = Release|Any CPU
		{14140E60-E936-4792-BB00-C6963187E00C}.Release|Any CPU.Build.0 = Release|Any CPU
	EndGlobalSection
	GlobalSection(SolutionProperties) = preSolution
		HideSolutionNode = FALSE
	EndGlobalSection
	GlobalSection(ExtensibilityGlobals) = postSolution
		SolutionGuid = {106DE6B5-AB56-4504-B8D7-89182AA92773}
	EndGlobalSection
EndGlobal
